
Microsoft Visual Studio Solution File, Format Version 12.00
# Visual Studio Version 16
VisualStudioVersion = 16.0.31105.61
MinimumVisualStudioVersion = 10.0.40219.1
Project("{FAE04EC0-301F-11D3-BF4B-00C04F79EFBC}") = "CircleSo", "CircleSo\CircleSo.csproj", "{0E75C2A8-08E8-4096-BFE3-42215F0B7259}"
EndProject
Project("{FAE04EC0-301F-11D3-BF4B-00C04F79EFBC}") = "CircleSo.CLI", "CircleSo.CLI\CircleSo.CLI.csproj", "{13FD8CAB-6CDB-4892-AC0B-1495BA817412}"
EndProject
Global
	GlobalSection(SolutionConfigurationPlatforms) = preSolution
		Debug|Any CPU = Debug|Any CPU
		Release|Any CPU = Release|Any CPU
	EndGlobalSection
	GlobalSection(ProjectConfigurationPlatforms) = postSolution
		{0E75C2A8-08E8-4096-BFE3-42215F0B7259}.Debug|Any CPU.ActiveCfg = Debug|Any CPU
		{0E75C2A8-08E8-4096-BFE3-42215F0B7259}.Debug|Any CPU.Build.0 = Debug|Any CPU
		{0E75C2A8-08E8-4096-BFE3-42215F0B7259}.Release|Any CPU.ActiveCfg = Release|Any CPU
		{0E75C2A8-08E8-4096-BFE3-42215F0B7259}.Release|Any CPU.Build.0 = Release|Any CPU
		{13FD8CAB-6CDB-4892-AC0B-1495BA817412}.Debug|Any CPU.ActiveCfg = Debug|Any CPU
		{13FD8CAB-6CDB-4892-AC0B-1495BA817412}.Debug|Any CPU.Build.0 = Debug|Any CPU
		{13FD8CAB-6CDB-4892-AC0B-1495BA817412}.Release|Any CPU.ActiveCfg = Release|Any CPU
		{13FD8CAB-6CDB-4892-AC0B-1495BA817412}.Release|Any CPU.Build.0 = Release|Any CPU
	EndGlobalSection
	GlobalSection(SolutionProperties) = preSolution
		HideSolutionNode = FALSE
	EndGlobalSection
	GlobalSection(ExtensibilityGlobals) = postSolution
		SolutionGuid = {260127D4-C021-4E14-9238-21A0814C3B49}
	EndGlobalSection
EndGlobal
